
Microsoft Visual Studio Solution File, Format Version 12.00
# Visual Studio Version 17
VisualStudioVersion = 17.5.002.0
MinimumVisualStudioVersion = 10.0.40219.1
Project("{9A19103F-16F7-4668-BE54-9A1E7A4F7556}") = "tdeaula06", "tdeaula06.csproj", "{62C9498C-17F3-4E68-B0D1-491834F6F395}"
EndProject
Global
	GlobalSection(SolutionConfigurationPlatforms) = preSolution
		Debug|Any CPU = Debug|Any CPU
		Release|Any CPU = Release|Any CPU
	EndGlobalSection
	GlobalSection(ProjectConfigurationPlatforms) = postSolution
		{62C9498C-17F3-4E68-B0D1-491834F6F395}.Debug|Any CPU.ActiveCfg = Debug|Any CPU
		{62C9498C-17F3-4E68-B0D1-491834F6F395}.Debug|Any CPU.Build.0 = Debug|Any CPU
		{62C9498C-17F3-4E68-B0D1-491834F6F395}.Release|Any CPU.ActiveCfg = Release|Any CPU
		{62C9498C-17F3-4E68-B0D1-491834F6F395}.Release|Any CPU.Build.0 = Release|Any CPU
	EndGlobalSection
	GlobalSection(SolutionProperties) = preSolution
		HideSolutionNode = FALSE
	EndGlobalSection
	GlobalSection(ExtensibilityGlobals) = postSolution
		SolutionGuid = {7FC97436-240F-4F0E-98D6-F6CBB11B8E2B}
	EndGlobalSection
EndGlobal
